
Microsoft Visual Studio Solution File, Format Version 12.00
# Visual Studio Version 16
VisualStudioVersion = 16.0.30907.101
MinimumVisualStudioVersion = 10.0.40219.1
Project("{FAE04EC0-301F-11D3-BF4B-00C04F79EFBC}") = "Grupo1", "Grupo1\Grupo1.csproj", "{AFFE38AA-3E41-47DC-A4F4-EBDFF09D6C03}"
EndProject
Global
	GlobalSection(SolutionConfigurationPlatforms) = preSolution
		Debug|Any CPU = Debug|Any CPU
		Release|Any CPU = Release|Any CPU
	EndGlobalSection
	GlobalSection(ProjectConfigurationPlatforms) = postSolution
		{AFFE38AA-3E41-47DC-A4F4-EBDFF09D6C03}.Debug|Any CPU.ActiveCfg = Debug|Any CPU
		{AFFE38AA-3E41-47DC-A4F4-EBDFF09D6C03}.Debug|Any CPU.Build.0 = Debug|Any CPU
		{AFFE38AA-3E41-47DC-A4F4-EBDFF09D6C03}.Release|Any CPU.ActiveCfg = Release|Any CPU
		{AFFE38AA-3E41-47DC-A4F4-EBDFF09D6C03}.Release|Any CPU.Build.0 = Release|Any CPU
	EndGlobalSection
	GlobalSection(SolutionProperties) = preSolution
		HideSolutionNode = FALSE
	EndGlobalSection
	GlobalSection(ExtensibilityGlobals) = postSolution
		SolutionGuid = {3B150C69-5881-44D3-A4FF-99BE1D25E1B4}
	EndGlobalSection
EndGlobal
