
Microsoft Visual Studio Solution File, Format Version 12.00
# Visual Studio Version 16
VisualStudioVersion = 16.0.30907.101
MinimumVisualStudioVersion = 10.0.40219.1
Project("{FAE04EC0-301F-11D3-BF4B-00C04F79EFBC}") = "Grupo 2", "Grupo 2\Grupo 2.csproj", "{9DAC55EC-5575-48B9-AE17-9C052BB86C42}"
EndProject
Global
	GlobalSection(SolutionConfigurationPlatforms) = preSolution
		Debug|Any CPU = Debug|Any CPU
		Release|Any CPU = Release|Any CPU
	EndGlobalSection
	GlobalSection(ProjectConfigurationPlatforms) = postSolution
		{9DAC55EC-5575-48B9-AE17-9C052BB86C42}.Debug|Any CPU.ActiveCfg = Debug|Any CPU
		{9DAC55EC-5575-48B9-AE17-9C052BB86C42}.Debug|Any CPU.Build.0 = Debug|Any CPU
		{9DAC55EC-5575-48B9-AE17-9C052BB86C42}.Release|Any CPU.ActiveCfg = Release|Any CPU
		{9DAC55EC-5575-48B9-AE17-9C052BB86C42}.Release|Any CPU.Build.0 = Release|Any CPU
	EndGlobalSection
	GlobalSection(SolutionProperties) = preSolution
		HideSolutionNode = FALSE
	EndGlobalSection
	GlobalSection(ExtensibilityGlobals) = postSolution
		SolutionGuid = {62BDE409-56A3-4C24-8F38-145DEFE8BAE2}
	EndGlobalSection
EndGlobal
